
Microsoft Visual Studio Solution File, Format Version 12.00
# Visual Studio Version 17
VisualStudioVersion = 17.0.31903.59
MinimumVisualStudioVersion = 10.0.40219.1
Project("{2150E333-8FDC-42A3-9474-1A3956D46DE8}") = "src", "src", "{B2448335-D49F-4C82-A42E-A35385315BFC}"
EndProject
Project("{2150E333-8FDC-42A3-9474-1A3956D46DE8}") = "Api", "Api", "{CE3D1AA3-82E2-412B-8C76-69A65CF5D901}"
EndProject
Project("{FAE04EC0-301F-11D3-BF4B-00C04F79EFBC}") = "AzurePortalAnalyzer.Api", "src\Api\AzurePortalAnalyzer.Api\AzurePortalAnalyzer.Api.csproj", "{158CDCAB-54CF-4150-988C-EA710D04ACCC}"
EndProject
Project("{2150E333-8FDC-42A3-9474-1A3956D46DE8}") = "Web", "Web", "{47A97EB9-6683-4F84-9BC6-3DBFBBA35072}"
EndProject
Project("{FAE04EC0-301F-11D3-BF4B-00C04F79EFBC}") = "AzurePortalAnalyzer.Web", "src\Web\AzurePortalAnalyzer.Web\AzurePortalAnalyzer.Web.csproj", "{F5143803-BB24-4408-A4AA-56E51AF1986B}"
EndProject
Project("{2150E333-8FDC-42A3-9474-1A3956D46DE8}") = "Shared", "Shared", "{1AFD0919-C978-451F-8076-068763821D24}"
EndProject
Project("{FAE04EC0-301F-11D3-BF4B-00C04F79EFBC}") = "AzurePortalAnalyzer.Shared", "src\Shared\AzurePortalAnalyzer.Shared\AzurePortalAnalyzer.Shared.csproj", "{38312E58-9365-4E5B-A652-4B2053A1B77E}"
EndProject
Project("{2150E333-8FDC-42A3-9474-1A3956D46DE8}") = "AI", "AI", "{E6028FC1-A220-4810-A0FD-F2B3DCED925E}"
EndProject
Project("{FAE04EC0-301F-11D3-BF4B-00C04F79EFBC}") = "AzurePortalAnalyzer.AI", "src\AI\AzurePortalAnalyzer.AI\AzurePortalAnalyzer.AI.csproj", "{435095E9-2BDC-4C86-B3D7-8A87671D29E5}"
EndProject
Project("{2150E333-8FDC-42A3-9474-1A3956D46DE8}") = "tests", "tests", "{45DE2996-DD6C-434D-BC57-11A4291C22BA}"
EndProject
Project("{2150E333-8FDC-42A3-9474-1A3956D46DE8}") = "Unit", "Unit", "{250ADC0A-0E4B-4041-B6A2-3F53049A1871}"
EndProject
Project("{FAE04EC0-301F-11D3-BF4B-00C04F79EFBC}") = "AzurePortalAnalyzer.Tests.Unit", "tests\Unit\AzurePortalAnalyzer.Tests.Unit\AzurePortalAnalyzer.Tests.Unit.csproj", "{35E346A2-C8CA-46C4-9B56-0A347D221611}"
EndProject
Project("{2150E333-8FDC-42A3-9474-1A3956D46DE8}") = "Integration", "Integration", "{7A074EC1-3963-4C12-927C-5F992FD8C0CF}"
EndProject
Project("{FAE04EC0-301F-11D3-BF4B-00C04F79EFBC}") = "AzurePortalAnalyzer.Tests.Integration", "tests\Integration\AzurePortalAnalyzer.Tests.Integration\AzurePortalAnalyzer.Tests.Integration.csproj", "{F1D84E31-71B8-42B3-9A4E-1E8E07F17023}"
EndProject
Global
	GlobalSection(SolutionConfigurationPlatforms) = preSolution
		Debug|Any CPU = Debug|Any CPU
		Release|Any CPU = Release|Any CPU
	EndGlobalSection
	GlobalSection(SolutionProperties) = preSolution
		HideSolutionNode = FALSE
	EndGlobalSection
	GlobalSection(ProjectConfigurationPlatforms) = postSolution
		{158CDCAB-54CF-4150-988C-EA710D04ACCC}.Debug|Any CPU.ActiveCfg = Debug|Any CPU
		{158CDCAB-54CF-4150-988C-EA710D04ACCC}.Debug|Any CPU.Build.0 = Debug|Any CPU
		{158CDCAB-54CF-4150-988C-EA710D04ACCC}.Release|Any CPU.ActiveCfg = Release|Any CPU
		{158CDCAB-54CF-4150-988C-EA710D04ACCC}.Release|Any CPU.Build.0 = Release|Any CPU
		{F5143803-BB24-4408-A4AA-56E51AF1986B}.Debug|Any CPU.ActiveCfg = Debug|Any CPU
		{F5143803-BB24-4408-A4AA-56E51AF1986B}.Debug|Any CPU.Build.0 = Debug|Any CPU
		{F5143803-BB24-4408-A4AA-56E51AF1986B}.Release|Any CPU.ActiveCfg = Release|Any CPU
		{F5143803-BB24-4408-A4AA-56E51AF1986B}.Release|Any CPU.Build.0 = Release|Any CPU
		{38312E58-9365-4E5B-A652-4B2053A1B77E}.Debug|Any CPU.ActiveCfg = Debug|Any CPU
		{38312E58-9365-4E5B-A652-4B2053A1B77E}.Debug|Any CPU.Build.0 = Debug|Any CPU
		{38312E58-9365-4E5B-A652-4B2053A1B77E}.Release|Any CPU.ActiveCfg = Release|Any CPU
		{38312E58-9365-4E5B-A652-4B2053A1B77E}.Release|Any CPU.Build.0 = Release|Any CPU
		{435095E9-2BDC-4C86-B3D7-8A87671D29E5}.Debug|Any CPU.ActiveCfg = Debug|Any CPU
		{435095E9-2BDC-4C86-B3D7-8A87671D29E5}.Debug|Any CPU.Build.0 = Debug|Any CPU
		{435095E9-2BDC-4C86-B3D7-8A87671D29E5}.Release|Any CPU.ActiveCfg = Release|Any CPU
		{435095E9-2BDC-4C86-B3D7-8A87671D29E5}.Release|Any CPU.Build.0 = Release|Any CPU
		{35E346A2-C8CA-46C4-9B56-0A347D221611}.Debug|Any CPU.ActiveCfg = Debug|Any CPU
		{35E346A2-C8CA-46C4-9B56-0A347D221611}.Debug|Any CPU.Build.0 = Debug|Any CPU
		{35E346A2-C8CA-46C4-9B56-0A347D221611}.Release|Any CPU.ActiveCfg = Release|Any CPU
		{35E346A2-C8CA-46C4-9B56-0A347D221611}.Release|Any CPU.Build.0 = Release|Any CPU
		{F1D84E31-71B8-42B3-9A4E-1E8E07F17023}.Debug|Any CPU.ActiveCfg = Debug|Any CPU
		{F1D84E31-71B8-42B3-9A4E-1E8E07F17023}.Debug|Any CPU.Build.0 = Debug|Any CPU
		{F1D84E31-71B8-42B3-9A4E-1E8E07F17023}.Release|Any CPU.ActiveCfg = Release|Any CPU
		{F1D84E31-71B8-42B3-9A4E-1E8E07F17023}.Release|Any CPU.Build.0 = Release|Any CPU
	EndGlobalSection
	GlobalSection(NestedProjects) = preSolution
		{CE3D1AA3-82E2-412B-8C76-69A65CF5D901} = {B2448335-D49F-4C82-A42E-A35385315BFC}
		{158CDCAB-54CF-4150-988C-EA710D04ACCC} = {CE3D1AA3-82E2-412B-8C76-69A65CF5D901}
		{47A97EB9-6683-4F84-9BC6-3DBFBBA35072} = {B2448335-D49F-4C82-A42E-A35385315BFC}
		{F5143803-BB24-4408-A4AA-56E51AF1986B} = {47A97EB9-6683-4F84-9BC6-3DBFBBA35072}
		{1AFD0919-C978-451F-8076-068763821D24} = {B2448335-D49F-4C82-A42E-A35385315BFC}
		{38312E58-9365-4E5B-A652-4B2053A1B77E} = {1AFD0919-C978-451F-8076-068763821D24}
		{E6028FC1-A220-4810-A0FD-F2B3DCED925E} = {B2448335-D49F-4C82-A42E-A35385315BFC}
		{435095E9-2BDC-4C86-B3D7-8A87671D29E5} = {E6028FC1-A220-4810-A0FD-F2B3DCED925E}
		{250ADC0A-0E4B-4041-B6A2-3F53049A1871} = {45DE2996-DD6C-434D-BC57-11A4291C22BA}
		{35E346A2-C8CA-46C4-9B56-0A347D221611} = {250ADC0A-0E4B-4041-B6A2-3F53049A1871}
		{7A074EC1-3963-4C12-927C-5F992FD8C0CF} = {45DE2996-DD6C-434D-BC57-11A4291C22BA}
		{F1D84E31-71B8-42B3-9A4E-1E8E07F17023} = {7A074EC1-3963-4C12-927C-5F992FD8C0CF}
	EndGlobalSection
EndGlobal
